
Microsoft Visual Studio Solution File, Format Version 12.00
# Visual Studio Version 17
VisualStudioVersion = 17.11.35222.181
MinimumVisualStudioVersion = 10.0.40219.1
Project("{9A19103F-16F7-4668-BE54-9A1E7A4F7556}") = "AuthTest", "AuthTest\AuthTest.csproj", "{4681A85A-96B2-4655-8013-3C4ED51E0363}"
	ProjectSection(ProjectDependencies) = postProject
		{38D1BA6D-DE8E-4B7C-9B4A-6572647FC447} = {38D1BA6D-DE8E-4B7C-9B4A-6572647FC447}
	EndProjectSection
EndProject
Project("{9A19103F-16F7-4668-BE54-9A1E7A4F7556}") = "AuthTest.DAL", "AuthTest.DAL\AuthTest.DAL.csproj", "{38D1BA6D-DE8E-4B7C-9B4A-6572647FC447}"
EndProject
Global
	GlobalSection(SolutionConfigurationPlatforms) = preSolution
		Debug|Any CPU = Debug|Any CPU
		Release|Any CPU = Release|Any CPU
	EndGlobalSection
	GlobalSection(ProjectConfigurationPlatforms) = postSolution
		{4681A85A-96B2-4655-8013-3C4ED51E0363}.Debug|Any CPU.ActiveCfg = Debug|Any CPU
		{4681A85A-96B2-4655-8013-3C4ED51E0363}.Debug|Any CPU.Build.0 = Debug|Any CPU
		{4681A85A-96B2-4655-8013-3C4ED51E0363}.Release|Any CPU.ActiveCfg = Release|Any CPU
		{4681A85A-96B2-4655-8013-3C4ED51E0363}.Release|Any CPU.Build.0 = Release|Any CPU
		{38D1BA6D-DE8E-4B7C-9B4A-6572647FC447}.Debug|Any CPU.ActiveCfg = Debug|Any CPU
		{38D1BA6D-DE8E-4B7C-9B4A-6572647FC447}.Debug|Any CPU.Build.0 = Debug|Any CPU
		{38D1BA6D-DE8E-4B7C-9B4A-6572647FC447}.Release|Any CPU.ActiveCfg = Release|Any CPU
		{38D1BA6D-DE8E-4B7C-9B4A-6572647FC447}.Release|Any CPU.Build.0 = Release|Any CPU
	EndGlobalSection
	GlobalSection(SolutionProperties) = preSolution
		HideSolutionNode = FALSE
	EndGlobalSection
	GlobalSection(ExtensibilityGlobals) = postSolution
		SolutionGuid = {325CBD40-6E22-4BDB-9349-9FCE74F8533F}
	EndGlobalSection
EndGlobal
