
Microsoft Visual Studio Solution File, Format Version 12.00
# Visual Studio Version 17
VisualStudioVersion = 17.11.35222.181
MinimumVisualStudioVersion = 10.0.40219.1
Project("{FAE04EC0-301F-11D3-BF4B-00C04F79EFBC}") = "AuthTest", "AuthTest\AuthTest.csproj", "{4681A85A-96B2-4655-8013-3C4ED51E0363}"
EndProject
Global
	GlobalSection(SolutionConfigurationPlatforms) = preSolution
		Debug|Any CPU = Debug|Any CPU
		Release|Any CPU = Release|Any CPU
	EndGlobalSection
	GlobalSection(ProjectConfigurationPlatforms) = postSolution
		{4681A85A-96B2-4655-8013-3C4ED51E0363}.Debug|Any CPU.ActiveCfg = Debug|Any CPU
		{4681A85A-96B2-4655-8013-3C4ED51E0363}.Debug|Any CPU.Build.0 = Debug|Any CPU
		{4681A85A-96B2-4655-8013-3C4ED51E0363}.Release|Any CPU.ActiveCfg = Release|Any CPU
		{4681A85A-96B2-4655-8013-3C4ED51E0363}.Release|Any CPU.Build.0 = Release|Any CPU
	EndGlobalSection
	GlobalSection(SolutionProperties) = preSolution
		HideSolutionNode = FALSE
	EndGlobalSection
	GlobalSection(ExtensibilityGlobals) = postSolution
		SolutionGuid = {325CBD40-6E22-4BDB-9349-9FCE74F8533F}
	EndGlobalSection
EndGlobal
